
Microsoft Visual Studio Solution File, Format Version 12.00
# Visual Studio Version 17
VisualStudioVersion = 17.2.32422.2
MinimumVisualStudioVersion = 10.0.40219.1
Project("{FAE04EC0-301F-11D3-BF4B-00C04F79EFBC}") = "TestProject", "TestProject\TestProject.csproj", "{FF93ABBD-E760-4090-B656-2CE8F7CE1C71}"
EndProject
Global
	GlobalSection(SolutionConfigurationPlatforms) = preSolution
		Debug|Any CPU = Debug|Any CPU
		Release|Any CPU = Release|Any CPU
	EndGlobalSection
	GlobalSection(ProjectConfigurationPlatforms) = postSolution
		{FF93ABBD-E760-4090-B656-2CE8F7CE1C71}.Debug|Any CPU.ActiveCfg = Debug|Any CPU
		{FF93ABBD-E760-4090-B656-2CE8F7CE1C71}.Debug|Any CPU.Build.0 = Debug|Any CPU
		{FF93ABBD-E760-4090-B656-2CE8F7CE1C71}.Release|Any CPU.ActiveCfg = Release|Any CPU
		{FF93ABBD-E760-4090-B656-2CE8F7CE1C71}.Release|Any CPU.Build.0 = Release|Any CPU
	EndGlobalSection
	GlobalSection(SolutionProperties) = preSolution
		HideSolutionNode = FALSE
	EndGlobalSection
	GlobalSection(ExtensibilityGlobals) = postSolution
		SolutionGuid = {29D19964-0B73-4026-B94E-6A71A37E4F81}
	EndGlobalSection
EndGlobal
